# THIS IS AN AUTOGENERATED FILE. DO NOT EDIT THIS FILE DIRECTLY.
# yarn lockfile v1


"@github/webauthn-json@^2.1.1":
  version "2.1.1"
  resolved "https://registry.yarnpkg.com/@github/webauthn-json/-/webauthn-json-2.1.1.tgz#648e63fc28050917d2882cc2b27817a88cb420fc"
  integrity sha512-XrftRn4z75SnaJOmZQbt7Mk+IIjqVHw+glDGOxuHwXkZBZh/MBoRS7MHjSZMDaLhT4RjN2VqiEU7EOYleuJWSQ==

bootstrap-icons@^1.11.3:
  version "1.11.3"
  resolved "https://registry.yarnpkg.com/bootstrap-icons/-/bootstrap-icons-1.11.3.tgz#03f9cb754ec005c52f9ee616e2e84a82cab3084b"
  integrity sha512-+3lpHrCw/it2/7lBL15VR0HEumaBss0+f/Lb6ZvHISn1mlK83jjFpooTLsMWbIjJMDjDjOExMsTxnXSIT4k4ww==
